
Microsoft Visual Studio Solution File, Format Version 12.00
# Visual Studio Version 17
VisualStudioVersion = 17.0.31903.59
MinimumVisualStudioVersion = 10.0.40219.1
Project("{FAE04EC0-301F-11D3-BF4B-00C04F79EFBC}") = "shopapp.webui", "shopapp.webui\shopapp.webui.csproj", "{22C58501-DE1B-40CD-983F-D00DE47C231E}"
EndProject
Project("{FAE04EC0-301F-11D3-BF4B-00C04F79EFBC}") = "shopapp.entity", "shopapp.entity\shopapp.entity.csproj", "{48EBB177-7F12-4F8C-A374-07CC7D7569E9}"
EndProject
Project("{FAE04EC0-301F-11D3-BF4B-00C04F79EFBC}") = "shopapp.data", "shopapp.data\shopapp.data.csproj", "{18698CE4-E741-4C4F-80E4-D3C06CD0FABB}"
EndProject
Project("{FAE04EC0-301F-11D3-BF4B-00C04F79EFBC}") = "shopapp.business", "shopapp.business\shopapp.business.csproj", "{0049FE92-DAC5-47EF-93B5-AE575E913745}"
EndProject
Global
	GlobalSection(SolutionConfigurationPlatforms) = preSolution
		Debug|Any CPU = Debug|Any CPU
		Release|Any CPU = Release|Any CPU
	EndGlobalSection
	GlobalSection(SolutionProperties) = preSolution
		HideSolutionNode = FALSE
	EndGlobalSection
	GlobalSection(ProjectConfigurationPlatforms) = postSolution
		{22C58501-DE1B-40CD-983F-D00DE47C231E}.Debug|Any CPU.ActiveCfg = Debug|Any CPU
		{22C58501-DE1B-40CD-983F-D00DE47C231E}.Debug|Any CPU.Build.0 = Debug|Any CPU
		{22C58501-DE1B-40CD-983F-D00DE47C231E}.Release|Any CPU.ActiveCfg = Release|Any CPU
		{22C58501-DE1B-40CD-983F-D00DE47C231E}.Release|Any CPU.Build.0 = Release|Any CPU
		{48EBB177-7F12-4F8C-A374-07CC7D7569E9}.Debug|Any CPU.ActiveCfg = Debug|Any CPU
		{48EBB177-7F12-4F8C-A374-07CC7D7569E9}.Debug|Any CPU.Build.0 = Debug|Any CPU
		{48EBB177-7F12-4F8C-A374-07CC7D7569E9}.Release|Any CPU.ActiveCfg = Release|Any CPU
		{48EBB177-7F12-4F8C-A374-07CC7D7569E9}.Release|Any CPU.Build.0 = Release|Any CPU
		{18698CE4-E741-4C4F-80E4-D3C06CD0FABB}.Debug|Any CPU.ActiveCfg = Debug|Any CPU
		{18698CE4-E741-4C4F-80E4-D3C06CD0FABB}.Debug|Any CPU.Build.0 = Debug|Any CPU
		{18698CE4-E741-4C4F-80E4-D3C06CD0FABB}.Release|Any CPU.ActiveCfg = Release|Any CPU
		{18698CE4-E741-4C4F-80E4-D3C06CD0FABB}.Release|Any CPU.Build.0 = Release|Any CPU
		{0049FE92-DAC5-47EF-93B5-AE575E913745}.Debug|Any CPU.ActiveCfg = Debug|Any CPU
		{0049FE92-DAC5-47EF-93B5-AE575E913745}.Debug|Any CPU.Build.0 = Debug|Any CPU
		{0049FE92-DAC5-47EF-93B5-AE575E913745}.Release|Any CPU.ActiveCfg = Release|Any CPU
		{0049FE92-DAC5-47EF-93B5-AE575E913745}.Release|Any CPU.Build.0 = Release|Any CPU
	EndGlobalSection
EndGlobal
